
Microsoft Visual Studio Solution File, Format Version 12.00
# Visual Studio 15
VisualStudioVersion = 15.0.27703.2000
MinimumVisualStudioVersion = 10.0.40219.1
Project("{FAE04EC0-301F-11D3-BF4B-00C04F79EFBC}") = "TesteAutomatizado", "TesteAutomatizado\TesteAutomatizado.csproj", "{C2D935FF-82A9-4611-9EB1-0C593FC7633C}"
EndProject
Global
	GlobalSection(SolutionConfigurationPlatforms) = preSolution
		Debug|Any CPU = Debug|Any CPU
		Release|Any CPU = Release|Any CPU
	EndGlobalSection
	GlobalSection(ProjectConfigurationPlatforms) = postSolution
		{C2D935FF-82A9-4611-9EB1-0C593FC7633C}.Debug|Any CPU.ActiveCfg = Debug|Any CPU
		{C2D935FF-82A9-4611-9EB1-0C593FC7633C}.Debug|Any CPU.Build.0 = Debug|Any CPU
		{C2D935FF-82A9-4611-9EB1-0C593FC7633C}.Release|Any CPU.ActiveCfg = Release|Any CPU
		{C2D935FF-82A9-4611-9EB1-0C593FC7633C}.Release|Any CPU.Build.0 = Release|Any CPU
	EndGlobalSection
	GlobalSection(SolutionProperties) = preSolution
		HideSolutionNode = FALSE
	EndGlobalSection
	GlobalSection(ExtensibilityGlobals) = postSolution
		SolutionGuid = {11C17821-EC91-4DAC-9878-03B269A698C5}
	EndGlobalSection
EndGlobal
